
Microsoft Visual Studio Solution File, Format Version 12.00
# Visual Studio Version 17
VisualStudioVersion = 17.0.32112.339
MinimumVisualStudioVersion = 10.0.40219.1
Project("{9A19103F-16F7-4668-BE54-9A1E7A4F7556}") = "Morix.JsonHelper", "Morix.JsonHelper\Morix.JsonHelper.csproj", "{5FFCBF5B-3130-43B8-B05C-2BAAA3CBBCE3}"
EndProject
Project("{FAE04EC0-301F-11D3-BF4B-00C04F79EFBC}") = "Morix.JsonHelper.Tests", "Morix.JsonHelper.Tests\Morix.JsonHelper.Tests.csproj", "{84EC307A-3477-4D63-95BF-51EE9C564B77}"
EndProject
Global
	GlobalSection(SolutionConfigurationPlatforms) = preSolution
		Debug|Any CPU = Debug|Any CPU
		Release|Any CPU = Release|Any CPU
	EndGlobalSection
	GlobalSection(ProjectConfigurationPlatforms) = postSolution
		{5FFCBF5B-3130-43B8-B05C-2BAAA3CBBCE3}.Debug|Any CPU.ActiveCfg = Debug|Any CPU
		{5FFCBF5B-3130-43B8-B05C-2BAAA3CBBCE3}.Debug|Any CPU.Build.0 = Debug|Any CPU
		{5FFCBF5B-3130-43B8-B05C-2BAAA3CBBCE3}.Release|Any CPU.ActiveCfg = Release|Any CPU
		{5FFCBF5B-3130-43B8-B05C-2BAAA3CBBCE3}.Release|Any CPU.Build.0 = Release|Any CPU
		{84EC307A-3477-4D63-95BF-51EE9C564B77}.Debug|Any CPU.ActiveCfg = Debug|Any CPU
		{84EC307A-3477-4D63-95BF-51EE9C564B77}.Debug|Any CPU.Build.0 = Debug|Any CPU
		{84EC307A-3477-4D63-95BF-51EE9C564B77}.Release|Any CPU.ActiveCfg = Release|Any CPU
		{84EC307A-3477-4D63-95BF-51EE9C564B77}.Release|Any CPU.Build.0 = Release|Any CPU
	EndGlobalSection
	GlobalSection(SolutionProperties) = preSolution
		HideSolutionNode = FALSE
	EndGlobalSection
	GlobalSection(ExtensibilityGlobals) = postSolution
		SolutionGuid = {43B2A044-DD5F-4851-95A4-466681D231A7}
	EndGlobalSection
EndGlobal
